
Microsoft Visual Studio Solution File, Format Version 12.00
# Visual Studio Version 16
VisualStudioVersion = 16.0.33214.272
MinimumVisualStudioVersion = 10.0.40219.1
Project("{9A19103F-16F7-4668-BE54-9A1E7A4F7556}") = "Viewer", "Viewer\Viewer.csproj", "{8270BB94-11A2-4CCF-9733-23B963B0DF71}"
EndProject
Global
	GlobalSection(SolutionConfigurationPlatforms) = preSolution
		Debug|Any CPU = Debug|Any CPU
		Release|Any CPU = Release|Any CPU
	EndGlobalSection
	GlobalSection(ProjectConfigurationPlatforms) = postSolution
		{8270BB94-11A2-4CCF-9733-23B963B0DF71}.Debug|Any CPU.ActiveCfg = Debug|Any CPU
		{8270BB94-11A2-4CCF-9733-23B963B0DF71}.Debug|Any CPU.Build.0 = Debug|Any CPU
		{8270BB94-11A2-4CCF-9733-23B963B0DF71}.Release|Any CPU.ActiveCfg = Release|Any CPU
		{8270BB94-11A2-4CCF-9733-23B963B0DF71}.Release|Any CPU.Build.0 = Release|Any CPU
	EndGlobalSection
	GlobalSection(SolutionProperties) = preSolution
		HideSolutionNode = FALSE
	EndGlobalSection
	GlobalSection(ExtensibilityGlobals) = postSolution
		SolutionGuid = {F1700D3E-A188-459E-AFD8-03EADD98EFDB}
	EndGlobalSection
EndGlobal
